
Microsoft Visual Studio Solution File, Format Version 12.00
# Visual Studio Version 17
VisualStudioVersion = 17.0.31903.59
MinimumVisualStudioVersion = 10.0.40219.1
Project("{2150E333-8FDC-42A3-9474-1A3956D46DE8}") = "src", "src", "{0EFB207C-B345-4900-BE41-184725D6D369}"
EndProject
Project("{FAE04EC0-301F-11D3-BF4B-00C04F79EFBC}") = "BeTiny.Api", "src\BeTiny.Api\BeTiny.Api.csproj", "{92EE7750-C5F9-4951-A940-2976D9568251}"
EndProject
Project("{2150E333-8FDC-42A3-9474-1A3956D46DE8}") = "test", "test", "{18CE33B7-ADD2-431C-A1FC-58CA06B60A37}"
EndProject
Project("{FAE04EC0-301F-11D3-BF4B-00C04F79EFBC}") = "BeTiny.Tests", "test\BeTiny.Tests\BeTiny.Tests.csproj", "{181349AD-9EFE-4E05-856C-C3083D43C873}"
EndProject
Global
	GlobalSection(SolutionConfigurationPlatforms) = preSolution
		Debug|Any CPU = Debug|Any CPU
		Release|Any CPU = Release|Any CPU
	EndGlobalSection
	GlobalSection(SolutionProperties) = preSolution
		HideSolutionNode = FALSE
	EndGlobalSection
	GlobalSection(ProjectConfigurationPlatforms) = postSolution
		{92EE7750-C5F9-4951-A940-2976D9568251}.Debug|Any CPU.ActiveCfg = Debug|Any CPU
		{92EE7750-C5F9-4951-A940-2976D9568251}.Debug|Any CPU.Build.0 = Debug|Any CPU
		{92EE7750-C5F9-4951-A940-2976D9568251}.Release|Any CPU.ActiveCfg = Release|Any CPU
		{92EE7750-C5F9-4951-A940-2976D9568251}.Release|Any CPU.Build.0 = Release|Any CPU
		{181349AD-9EFE-4E05-856C-C3083D43C873}.Debug|Any CPU.ActiveCfg = Debug|Any CPU
		{181349AD-9EFE-4E05-856C-C3083D43C873}.Debug|Any CPU.Build.0 = Debug|Any CPU
		{181349AD-9EFE-4E05-856C-C3083D43C873}.Release|Any CPU.ActiveCfg = Release|Any CPU
		{181349AD-9EFE-4E05-856C-C3083D43C873}.Release|Any CPU.Build.0 = Release|Any CPU
	EndGlobalSection
	GlobalSection(NestedProjects) = preSolution
		{92EE7750-C5F9-4951-A940-2976D9568251} = {0EFB207C-B345-4900-BE41-184725D6D369}
		{181349AD-9EFE-4E05-856C-C3083D43C873} = {18CE33B7-ADD2-431C-A1FC-58CA06B60A37}
	EndGlobalSection
EndGlobal
